
Microsoft Visual Studio Solution File, Format Version 12.00
# Visual Studio Version 17
VisualStudioVersion = 17.3.32929.385
MinimumVisualStudioVersion = 10.0.40219.1
Project("{FAE04EC0-301F-11D3-BF4B-00C04F79EFBC}") = "MovieTicketApp", "MovieTicketApp\MovieTicketApp.csproj", "{0013C203-06EF-4D92-BF7D-268B53A0A018}"
EndProject
Global
	GlobalSection(SolutionConfigurationPlatforms) = preSolution
		Debug|Any CPU = Debug|Any CPU
		Release|Any CPU = Release|Any CPU
	EndGlobalSection
	GlobalSection(ProjectConfigurationPlatforms) = postSolution
		{0013C203-06EF-4D92-BF7D-268B53A0A018}.Debug|Any CPU.ActiveCfg = Debug|Any CPU
		{0013C203-06EF-4D92-BF7D-268B53A0A018}.Debug|Any CPU.Build.0 = Debug|Any CPU
		{0013C203-06EF-4D92-BF7D-268B53A0A018}.Release|Any CPU.ActiveCfg = Release|Any CPU
		{0013C203-06EF-4D92-BF7D-268B53A0A018}.Release|Any CPU.Build.0 = Release|Any CPU
	EndGlobalSection
	GlobalSection(SolutionProperties) = preSolution
		HideSolutionNode = FALSE
	EndGlobalSection
	GlobalSection(ExtensibilityGlobals) = postSolution
		SolutionGuid = {B0BA4AF7-9AD3-47C3-975B-C9211B20CEBC}
	EndGlobalSection
EndGlobal
